
Microsoft Visual Studio Solution File, Format Version 12.00
Project("{FAE04EC0-301F-11D3-BF4B-00C04F79EFBC}") = "HHTask", "HHTask\HHTask.csproj", "{2E7A96B5-7EFC-468F-8343-5943464EBB50}"
EndProject
Project("{FAE04EC0-301F-11D3-BF4B-00C04F79EFBC}") = "AreaCalculator", "AreaCalculator\AreaCalculator.csproj", "{397DEC60-4487-4228-B46E-5B811E45999D}"
EndProject
Project("{FAE04EC0-301F-11D3-BF4B-00C04F79EFBC}") = "CalculatorNUnit", "CalculatorNUnit\CalculatorNUnit.csproj", "{723F8744-F13E-4A58-BF9A-16A237C5C686}"
EndProject
Global
	GlobalSection(SolutionConfigurationPlatforms) = preSolution
		Debug|Any CPU = Debug|Any CPU
		Release|Any CPU = Release|Any CPU
	EndGlobalSection
	GlobalSection(ProjectConfigurationPlatforms) = postSolution
		{2E7A96B5-7EFC-468F-8343-5943464EBB50}.Debug|Any CPU.ActiveCfg = Debug|Any CPU
		{2E7A96B5-7EFC-468F-8343-5943464EBB50}.Debug|Any CPU.Build.0 = Debug|Any CPU
		{2E7A96B5-7EFC-468F-8343-5943464EBB50}.Release|Any CPU.ActiveCfg = Release|Any CPU
		{2E7A96B5-7EFC-468F-8343-5943464EBB50}.Release|Any CPU.Build.0 = Release|Any CPU
		{397DEC60-4487-4228-B46E-5B811E45999D}.Debug|Any CPU.ActiveCfg = Debug|Any CPU
		{397DEC60-4487-4228-B46E-5B811E45999D}.Debug|Any CPU.Build.0 = Debug|Any CPU
		{397DEC60-4487-4228-B46E-5B811E45999D}.Release|Any CPU.ActiveCfg = Release|Any CPU
		{397DEC60-4487-4228-B46E-5B811E45999D}.Release|Any CPU.Build.0 = Release|Any CPU
		{723F8744-F13E-4A58-BF9A-16A237C5C686}.Debug|Any CPU.ActiveCfg = Debug|Any CPU
		{723F8744-F13E-4A58-BF9A-16A237C5C686}.Debug|Any CPU.Build.0 = Debug|Any CPU
		{723F8744-F13E-4A58-BF9A-16A237C5C686}.Release|Any CPU.ActiveCfg = Release|Any CPU
		{723F8744-F13E-4A58-BF9A-16A237C5C686}.Release|Any CPU.Build.0 = Release|Any CPU
	EndGlobalSection
EndGlobal
